// !$*UTF8*$!
{
	archiveVersion = 1;
	classes = {
	};
	objectVersion = 56;
	objects = {

/* Begin PBXBuildFile section */
		D52533DF2981538C000523F7 /* PhotoGallery.swift in Sources */ = {isa = PBXBuildFile; fileRef = D52533DE2981538C000523F7 /* PhotoGallery.swift */; };
		D52533E229818052000523F7 /* PhotoCollectionViewCell.swift in Sources */ = {isa = PBXBuildFile; fileRef = D52533E029818052000523F7 /* PhotoCollectionViewCell.swift */; };
		D52533E329818052000523F7 /* PhotoCollectionViewCell.xib in Resources */ = {isa = PBXBuildFile; fileRef = D52533E129818052000523F7 /* PhotoCollectionViewCell.xib */; };
		D52533E62983F9E3000523F7 /* FullScreenViewController.swift in Sources */ = {isa = PBXBuildFile; fileRef = D52533E52983F9E3000523F7 /* FullScreenViewController.swift */; };
		D52533EB2984013D000523F7 /* FullScreenCollectionViewCell.swift in Sources */ = {isa = PBXBuildFile; fileRef = D52533E92984013D000523F7 /* FullScreenCollectionViewCell.swift */; };
		D52533EC2984013D000523F7 /* FullScreenCollectionViewCell.xib in Resources */ = {isa = PBXBuildFile; fileRef = D52533EA2984013D000523F7 /* FullScreenCollectionViewCell.xib */; };
		D595A19B2980742E00715CD8 /* AppDelegate.swift in Sources */ = {isa = PBXBuildFile; fileRef = D595A19A2980742E00715CD8 /* AppDelegate.swift */; };
		D595A19D2980742E00715CD8 /* SceneDelegate.swift in Sources */ = {isa = PBXBuildFile; fileRef = D595A19C2980742E00715CD8 /* SceneDelegate.swift */; };
		D595A19F2980742F00715CD8 /* ProfileViewController.swift in Sources */ = {isa = PBXBuildFile; fileRef = D595A19E2980742F00715CD8 /* ProfileViewController.swift */; };
		D595A1A22980742F00715CD8 /* Main.storyboard in Resources */ = {isa = PBXBuildFile; fileRef = D595A1A02980742F00715CD8 /* Main.storyboard */; };
		D595A1A42980743000715CD8 /* Assets.xcassets in Resources */ = {isa = PBXBuildFile; fileRef = D595A1A32980743000715CD8 /* Assets.xcassets */; };
		D595A1A72980743000715CD8 /* LaunchScreen.storyboard in Resources */ = {isa = PBXBuildFile; fileRef = D595A1A52980743000715CD8 /* LaunchScreen.storyboard */; };
		D5F83C9829852F2D00565A12 /* SettingsTableViewController.swift in Sources */ = {isa = PBXBuildFile; fileRef = D5F83C9729852F2D00565A12 /* SettingsTableViewController.swift */; };
/* End PBXBuildFile section */

/* Begin PBXFileReference section */
		D52533DE2981538C000523F7 /* PhotoGallery.swift */ = {isa = PBXFileReference; lastKnownFileType = sourcecode.swift; path = PhotoGallery.swift; sourceTree = "<group>"; };
		D52533E029818052000523F7 /* PhotoCollectionViewCell.swift */ = {isa = PBXFileReference; lastKnownFileType = sourcecode.swift; path = PhotoCollectionViewCell.swift; sourceTree = "<group>"; };
		D52533E129818052000523F7 /* PhotoCollectionViewCell.xib */ = {isa = PBXFileReference; lastKnownFileType = file.xib; path = PhotoCollectionViewCell.xib; sourceTree = "<group>"; };
		D52533E52983F9E3000523F7 /* FullScreenViewController.swift */ = {isa = PBXFileReference; lastKnownFileType = sourcecode.swift; path = FullScreenViewController.swift; sourceTree = "<group>"; };
		D52533E92984013D000523F7 /* FullScreenCollectionViewCell.swift */ = {isa = PBXFileReference; lastKnownFileType = sourcecode.swift; path = FullScreenCollectionViewCell.swift; sourceTree = "<group>"; };
		D52533EA2984013D000523F7 /* FullScreenCollectionViewCell.xib */ = {isa = PBXFileReference; lastKnownFileType = file.xib; path = FullScreenCollectionViewCell.xib; sourceTree = "<group>"; };
		D595A1972980742E00715CD8 /* iosApp.app */ = {isa = PBXFileReference; explicitFileType = wrapper.application; includeInIndex = 0; path = iosApp.app; sourceTree = BUILT_PRODUCTS_DIR; };
		D595A19A2980742E00715CD8 /* AppDelegate.swift */ = {isa = PBXFileReference; lastKnownFileType = sourcecode.swift; path = AppDelegate.swift; sourceTree = "<group>"; };
		D595A19C2980742E00715CD8 /* SceneDelegate.swift */ = {isa = PBXFileReference; lastKnownFileType = sourcecode.swift; path = SceneDelegate.swift; sourceTree = "<group>"; };
		D595A19E2980742F00715CD8 /* ProfileViewController.swift */ = {isa = PBXFileReference; lastKnownFileType = sourcecode.swift; path = ProfileViewController.swift; sourceTree = "<group>"; };
		D595A1A12980742F00715CD8 /* Base */ = {isa = PBXFileReference; lastKnownFileType = file.storyboard; name = Base; path = Base.lproj/Main.storyboard; sourceTree = "<group>"; };
		D595A1A32980743000715CD8 /* Assets.xcassets */ = {isa = PBXFileReference; lastKnownFileType = folder.assetcatalog; path = Assets.xcassets; sourceTree = "<group>"; };
		D595A1A62980743000715CD8 /* Base */ = {isa = PBXFileReference; lastKnownFileType = file.storyboard; name = Base; path = Base.lproj/LaunchScreen.storyboard; sourceTree = "<group>"; };
		D595A1A82980743000715CD8 /* Info.plist */ = {isa = PBXFileReference; lastKnownFileType = text.plist.xml; path = Info.plist; sourceTree = "<group>"; };
		D5F83C9729852F2D00565A12 /* SettingsTableViewController.swift */ = {isa = PBXFileReference; lastKnownFileType = sourcecode.swift; path = SettingsTableViewController.swift; sourceTree = "<group>"; };
/* End PBXFileReference section */

/* Begin PBXFrameworksBuildPhase section */
		D595A1942980742E00715CD8 /* Frameworks */ = {
			isa = PBXFrameworksBuildPhase;
			buildActionMask = 2147483647;
			files = (
			);
			runOnlyForDeploymentPostprocessing = 0;
		};
/* End PBXFrameworksBuildPhase section */

/* Begin PBXGroup section */
		D52533E4298180D2000523F7 /* Cells */ = {
			isa = PBXGroup;
			children = (
				D52533E029818052000523F7 /* PhotoCollectionViewCell.swift */,
				D52533E129818052000523F7 /* PhotoCollectionViewCell.xib */,
				D52533E92984013D000523F7 /* FullScreenCollectionViewCell.swift */,
				D52533EA2984013D000523F7 /* FullScreenCollectionViewCell.xib */,
			);
			path = Cells;
			sourceTree = "<group>";
		};
		D595A18E2980742E00715CD8 = {
			isa = PBXGroup;
			children = (
				D595A1992980742E00715CD8 /* iosApp */,
				D595A1982980742E00715CD8 /* Products */,
			);
			sourceTree = "<group>";
		};
		D595A1982980742E00715CD8 /* Products */ = {
			isa = PBXGroup;
			children = (
				D595A1972980742E00715CD8 /* iosApp.app */,
			);
			name = Products;
			sourceTree = "<group>";
		};
		D595A1992980742E00715CD8 /* iosApp */ = {
			isa = PBXGroup;
			children = (
				D595A19A2980742E00715CD8 /* AppDelegate.swift */,
				D595A19C2980742E00715CD8 /* SceneDelegate.swift */,
				D595A19E2980742F00715CD8 /* ProfileViewController.swift */,
				D595A1A02980742F00715CD8 /* Main.storyboard */,
				D595A1A32980743000715CD8 /* Assets.xcassets */,
				D595A1A52980743000715CD8 /* LaunchScreen.storyboard */,
				D595A1A82980743000715CD8 /* Info.plist */,
				D52533DE2981538C000523F7 /* PhotoGallery.swift */,
				D52533E4298180D2000523F7 /* Cells */,
				D52533E52983F9E3000523F7 /* FullScreenViewController.swift */,
				D5F83C9729852F2D00565A12 /* SettingsTableViewController.swift */,
			);
			path = iosApp;
			sourceTree = "<group>";
		};
/* End PBXGroup section */

/* Begin PBXNativeTarget section */
		D595A1962980742E00715CD8 /* iosApp */ = {
			isa = PBXNativeTarget;
			buildConfigurationList = D595A1AB2980743000715CD8 /* Build configuration list for PBXNativeTarget "iosApp" */;
			buildPhases = (
				D595A1932980742E00715CD8 /* Sources */,
				D595A1942980742E00715CD8 /* Frameworks */,
				D595A1952980742E00715CD8 /* Resources */,
			);
			buildRules = (
			);
			dependencies = (
			);
			name = iosApp;
			productName = iosApp;
			productReference = D595A1972980742E00715CD8 /* iosApp.app */;
			productType = "com.apple.product-type.application";
		};
/* End PBXNativeTarget section */

/* Begin PBXProject section */
		D595A18F2980742E00715CD8 /* Project object */ = {
			isa = PBXProject;
			attributes = {
				BuildIndependentTargetsInParallel = 1;
				LastSwiftUpdateCheck = 1420;
				LastUpgradeCheck = 1420;
				TargetAttributes = {
					D595A1962980742E00715CD8 = {
						CreatedOnToolsVersion = 14.2;
					};
				};
			};
			buildConfigurationList = D595A1922980742E00715CD8 /* Build configuration list for PBXProject "iosApp" */;
			compatibilityVersion = "Xcode 14.0";
			developmentRegion = en;
			hasScannedForEncodings = 0;
			knownRegions = (
				en,
				Base,
			);
			mainGroup = D595A18E2980742E00715CD8;
			productRefGroup = D595A1982980742E00715CD8 /* Products */;
			projectDirPath = "";
			projectRoot = "";
			targets = (
				D595A1962980742E00715CD8 /* iosApp */,
			);
		};
/* End PBXProject section */

/* Begin PBXResourcesBuildPhase section */
		D595A1952980742E00715CD8 /* Resources */ = {
			isa = PBXResourcesBuildPhase;
			buildActionMask = 2147483647;
			files = (
				D52533EC2984013D000523F7 /* FullScreenCollectionViewCell.xib in Resources */,
				D595A1A72980743000715CD8 /* LaunchScreen.storyboard in Resources */,
				D52533E329818052000523F7 /* PhotoCollectionViewCell.xib in Resources */,
				D595A1A42980743000715CD8 /* Assets.xcassets in Resources */,
				D595A1A22980742F00715CD8 /* Main.storyboard in Resources */,
			);
			runOnlyForDeploymentPostprocessing = 0;
		};
/* End PBXResourcesBuildPhase section */

/* Begin PBXSourcesBuildPhase section */
		D595A1932980742E00715CD8 /* Sources */ = {
			isa = PBXSourcesBuildPhase;
			buildActionMask = 2147483647;
			files = (
				D595A19F2980742F00715CD8 /* ProfileViewController.swift in Sources */,
				D52533E229818052000523F7 /* PhotoCollectionViewCell.swift in Sources */,
				D595A19B2980742E00715CD8 /* AppDelegate.swift in Sources */,
				D595A19D2980742E00715CD8 /* SceneDelegate.swift in Sources */,
				D5F83C9829852F2D00565A12 /* SettingsTableViewController.swift in Sources */,
				D52533DF2981538C000523F7 /* PhotoGallery.swift in Sources */,
				D52533E62983F9E3000523F7 /* FullScreenViewController.swift in Sources */,
				D52533EB2984013D000523F7 /* FullScreenCollectionViewCell.swift in Sources */,
			);
			runOnlyForDeploymentPostprocessing = 0;
		};
/* End PBXSourcesBuildPhase section */

/* Begin PBXVariantGroup section */
		D595A1A02980742F00715CD8 /* Main.storyboard */ = {
			isa = PBXVariantGroup;
			children = (
				D595A1A12980742F00715CD8 /* Base */,
			);
			name = Main.storyboard;
			sourceTree = "<group>";
		};
		D595A1A52980743000715CD8 /* LaunchScreen.storyboard */ = {
			isa = PBXVariantGroup;
			children = (
				D595A1A62980743000715CD8 /* Base */,
			);
			name = LaunchScreen.storyboard;
			sourceTree = "<group>";
		};
/* End PBXVariantGroup section */

/* Begin XCBuildConfiguration section */
		D595A1A92980743000715CD8 /* Debug */ = {
			isa = XCBuildConfiguration;
			buildSettings = {
				ALWAYS_SEARCH_USER_PATHS = NO;
				CLANG_ANALYZER_NONNULL = YES;
				CLANG_ANALYZER_NUMBER_OBJECT_CONVERSION = YES_AGGRESSIVE;
				CLANG_CXX_LANGUAGE_STANDARD = "gnu++20";
				CLANG_ENABLE_MODULES = YES;
				CLANG_ENABLE_OBJC_ARC = YES;
				CLANG_ENABLE_OBJC_WEAK = YES;
				CLANG_WARN_BLOCK_CAPTURE_AUTORELEASING = YES;
				CLANG_WARN_BOOL_CONVERSION = YES;
				CLANG_WARN_COMMA = YES;
				CLANG_WARN_CONSTANT_CONVERSION = YES;
				CLANG_WARN_DEPRECATED_OBJC_IMPLEMENTATIONS = YES;
				CLANG_WARN_DIRECT_OBJC_ISA_USAGE = YES_ERROR;
				CLANG_WARN_DOCUMENTATION_COMMENTS = YES;
				CLANG_WARN_EMPTY_BODY = YES;
				CLANG_WARN_ENUM_CONVERSION = YES;
				CLANG_WARN_INFINITE_RECURSION = YES;
				CLANG_WARN_INT_CONVERSION = YES;
				CLANG_WARN_NON_LITERAL_NULL_CONVERSION = YES;
				CLANG_WARN_OBJC_IMPLICIT_RETAIN_SELF = YES;
				CLANG_WARN_OBJC_LITERAL_CONVERSION = YES;
				CLANG_WARN_OBJC_ROOT_CLASS = YES_ERROR;
				CLANG_WARN_QUOTED_INCLUDE_IN_FRAMEWORK_HEADER = YES;
				CLANG_WARN_RANGE_LOOP_ANALYSIS = YES;
				CLANG_WARN_STRICT_PROTOTYPES = YES;
				CLANG_WARN_SUSPICIOUS_MOVE = YES;
				CLANG_WARN_UNGUARDED_AVAILABILITY = YES_AGGRESSIVE;
				CLANG_WARN_UNREACHABLE_CODE = YES;
				CLANG_WARN__DUPLICATE_METHOD_MATCH = YES;
				COPY_PHASE_STRIP = NO;
				DEBUG_INFORMATION_FORMAT = dwarf;
				ENABLE_STRICT_OBJC_MSGSEND = YES;
				ENABLE_TESTABILITY = YES;
				GCC_C_LANGUAGE_STANDARD = gnu11;
				GCC_DYNAMIC_NO_PIC = NO;
				GCC_NO_COMMON_BLOCKS = YES;
				GCC_OPTIMIZATION_LEVEL = 0;
				GCC_PREPROCESSOR_DEFINITIONS = (
					"DEBUG=1",
					"$(inherited)",
				);
				GCC_WARN_64_TO_32_BIT_CONVERSION = YES;
				GCC_WARN_ABOUT_RETURN_TYPE = YES_ERROR;
				GCC_WARN_UNDECLARED_SELECTOR = YES;
				GCC_WARN_UNINITIALIZED_AUTOS = YES_AGGRESSIVE;
				GCC_WARN_UNUSED_FUNCTION = YES;
				GCC_WARN_UNUSED_VARIABLE = YES;
				IPHONEOS_DEPLOYMENT_TARGET = 16.2;
				MTL_ENABLE_DEBUG_INFO = INCLUDE_SOURCE;
				MTL_FAST_MATH = YES;
				ONLY_ACTIVE_ARCH = YES;
				SDKROOT = iphoneos;
				SWIFT_ACTIVE_COMPILATION_CONDITIONS = DEBUG;
				SWIFT_OPTIMIZATION_LEVEL = "-Onone";
			};
			name = Debug;
		};
		D595A1AA2980743000715CD8 /* Release */ = {
			isa = XCBuildConfiguration;
			buildSettings = {
				ALWAYS_SEARCH_USER_PATHS = NO;
				CLANG_ANALYZER_NONNULL = YES;
				CLANG_ANALYZER_NUMBER_OBJECT_CONVERSION = YES_AGGRESSIVE;
				CLANG_CXX_LANGUAGE_STANDARD = "gnu++20";
				CLANG_ENABLE_MODULES = YES;
				CLANG_ENABLE_OBJC_ARC = YES;
				CLANG_ENABLE_OBJC_WEAK = YES;
				CLANG_WARN_BLOCK_CAPTURE_AUTORELEASING = YES;
				CLANG_WARN_BOOL_CONVERSION = YES;
				CLANG_WARN_COMMA = YES;
				CLANG_WARN_CONSTANT_CONVERSION = YES;
				CLANG_WARN_DEPRECATED_OBJC_IMPLEMENTATIONS = YES;
				CLANG_WARN_DIRECT_OBJC_ISA_USAGE = YES_ERROR;
				CLANG_WARN_DOCUMENTATION_COMMENTS = YES;
				CLANG_WARN_EMPTY_BODY = YES;
				CLANG_WARN_ENUM_CONVERSION = YES;
				CLANG_WARN_INFINITE_RECURSION = YES;
				CLANG_WARN_INT_CONVERSION = YES;
				CLANG_WARN_NON_LITERAL_NULL_CONVERSION = YES;
				CLANG_WARN_OBJC_IMPLICIT_RETAIN_SELF = YES;
				CLANG_WARN_OBJC_LITERAL_CONVERSION = YES;
				CLANG_WARN_OBJC_ROOT_CLASS = YES_ERROR;
				CLANG_WARN_QUOTED_INCLUDE_IN_FRAMEWORK_HEADER = YES;
				CLANG_WARN_RANGE_LOOP_ANALYSIS = YES;
				CLANG_WARN_STRICT_PROTOTYPES = YES;
				CLANG_WARN_SUSPICIOUS_MOVE = YES;
				CLANG_WARN_UNGUARDED_AVAILABILITY = YES_AGGRESSIVE;
				CLANG_WARN_UNREACHABLE_CODE = YES;
				CLANG_WARN__DUPLICATE_METHOD_MATCH = YES;
				COPY_PHASE_STRIP = NO;
				DEBUG_INFORMATION_FORMAT = "dwarf-with-dsym";
				ENABLE_NS_ASSERTIONS = NO;
				ENABLE_STRICT_OBJC_MSGSEND = YES;
				GCC_C_LANGUAGE_STANDARD = gnu11;
				GCC_NO_COMMON_BLOCKS = YES;
				GCC_WARN_64_TO_32_BIT_CONVERSION = YES;
				GCC_WARN_ABOUT_RETURN_TYPE = YES_ERROR;
				GCC_WARN_UNDECLARED_SELECTOR = YES;
				GCC_WARN_UNINITIALIZED_AUTOS = YES_AGGRESSIVE;
				GCC_WARN_UNUSED_FUNCTION = YES;
				GCC_WARN_UNUSED_VARIABLE = YES;
				IPHONEOS_DEPLOYMENT_TARGET = 16.2;
				MTL_ENABLE_DEBUG_INFO = NO;
				MTL_FAST_MATH = YES;
				SDKROOT = iphoneos;
				SWIFT_COMPILATION_MODE = wholemodule;
				SWIFT_OPTIMIZATION_LEVEL = "-O";
				VALIDATE_PRODUCT = YES;
			};
			name = Release;
		};
		D595A1AC2980743000715CD8 /* Debug */ = {
			isa = XCBuildConfiguration;
			buildSettings = {
				ASSETCATALOG_COMPILER_APPICON_NAME = AppIcon;
				ASSETCATALOG_COMPILER_GLOBAL_ACCENT_COLOR_NAME = AccentColor;
				CODE_SIGN_STYLE = Automatic;
				CURRENT_PROJECT_VERSION = 1;
				GENERATE_INFOPLIST_FILE = YES;
				INFOPLIST_FILE = iosApp/Info.plist;
				INFOPLIST_KEY_UIApplicationSupportsIndirectInputEvents = YES;
				INFOPLIST_KEY_UILaunchStoryboardName = LaunchScreen;
				INFOPLIST_KEY_UIMainStoryboardFile = Main;
				INFOPLIST_KEY_UISupportedInterfaceOrientations_iPad = "UIInterfaceOrientationPortrait UIInterfaceOrientationPortraitUpsideDown UIInterfaceOrientationLandscapeLeft UIInterfaceOrientationLandscapeRight";
				INFOPLIST_KEY_UISupportedInterfaceOrientations_iPhone = "UIInterfaceOrientationPortrait UIInterfaceOrientationLandscapeLeft UIInterfaceOrientationLandscapeRight";
				LD_RUNPATH_SEARCH_PATHS = (
					"$(inherited)",
					"@executable_path/Frameworks",
				);
				MARKETING_VERSION = 1.0;
				PRODUCT_BUNDLE_IDENTIFIER = com.example.rpatel.iosApp;
				PRODUCT_NAME = "$(TARGET_NAME)";
				SWIFT_EMIT_LOC_STRINGS = YES;
				SWIFT_VERSION = 5.0;
				TARGETED_DEVICE_FAMILY = "1,2";
			};
			name = Debug;
		};
		D595A1AD2980743000715CD8 /* Release */ = {
			isa = XCBuildConfiguration;
			buildSettings = {
				ASSETCATALOG_COMPILER_APPICON_NAME = AppIcon;
				ASSETCATALOG_COMPILER_GLOBAL_ACCENT_COLOR_NAME = AccentColor;
				CODE_SIGN_STYLE = Automatic;
				CURRENT_PROJECT_VERSION = 1;
				GENERATE_INFOPLIST_FILE = YES;
				INFOPLIST_FILE = iosApp/Info.plist;
				INFOPLIST_KEY_UIApplicationSupportsIndirectInputEvents = YES;
				INFOPLIST_KEY_UILaunchStoryboardName = LaunchScreen;
				INFOPLIST_KEY_UIMainStoryboardFile = Main;
				INFOPLIST_KEY_UISupportedInterfaceOrientations_iPad = "UIInterfaceOrientationPortrait UIInterfaceOrientationPortraitUpsideDown UIInterfaceOrientationLandscapeLeft UIInterfaceOrientationLandscapeRight";
				INFOPLIST_KEY_UISupportedInterfaceOrientations_iPhone = "UIInterfaceOrientationPortrait UIInterfaceOrientationLandscapeLeft UIInterfaceOrientationLandscapeRight";
				LD_RUNPATH_SEARCH_PATHS = (
					"$(inherited)",
					"@executable_path/Frameworks",
				);
				MARKETING_VERSION = 1.0;
				PRODUCT_BUNDLE_IDENTIFIER = com.example.rpatel.iosApp;
				PRODUCT_NAME = "$(TARGET_NAME)";
				SWIFT_EMIT_LOC_STRINGS = YES;
				SWIFT_VERSION = 5.0;
				TARGETED_DEVICE_FAMILY = "1,2";
			};
			name = Release;
		};
/* End XCBuildConfiguration section */

/* Begin XCConfigurationList section */
		D595A1922980742E00715CD8 /* Build configuration list for PBXProject "iosApp" */ = {
			isa = XCConfigurationList;
			buildConfigurations = (
				D595A1A92980743000715CD8 /* Debug */,
				D595A1AA2980743000715CD8 /* Release */,
			);
			defaultConfigurationIsVisible = 0;
			defaultConfigurationName = Release;
		};
		D595A1AB2980743000715CD8 /* Build configuration list for PBXNativeTarget "iosApp" */ = {
			isa = XCConfigurationList;
			buildConfigurations = (
				D595A1AC2980743000715CD8 /* Debug */,
				D595A1AD2980743000715CD8 /* Release */,
			);
			defaultConfigurationIsVisible = 0;
			defaultConfigurationName = Release;
		};
/* End XCConfigurationList section */
	};
	rootObject = D595A18F2980742E00715CD8 /* Project object */;
}
